// !$*UTF8*$!
{
	archiveVersion = 1;
	classes = {
	};
	objectVersion = 50;
	objects = {

/* Begin PBXBuildFile section */
		EF1188A023B340BB00C580FC /* ScoresTableViewController.swift in Sources */ = {isa = PBXBuildFile; fileRef = EF11889F23B340BB00C580FC /* ScoresTableViewController.swift */; };
		EF1FD08123B1E935006626A7 /* AppDelegate.swift in Sources */ = {isa = PBXBuildFile; fileRef = EF1FD08023B1E935006626A7 /* AppDelegate.swift */; };
		EF1FD08323B1E935006626A7 /* SceneDelegate.swift in Sources */ = {isa = PBXBuildFile; fileRef = EF1FD08223B1E935006626A7 /* SceneDelegate.swift */; };
		EF1FD08523B1E935006626A7 /* ViewController.swift in Sources */ = {isa = PBXBuildFile; fileRef = EF1FD08423B1E935006626A7 /* ViewController.swift */; };
		EF1FD08823B1E935006626A7 /* Main.storyboard in Resources */ = {isa = PBXBuildFile; fileRef = EF1FD08623B1E935006626A7 /* Main.storyboard */; };
		EF1FD08A23B1E93A006626A7 /* Assets.xcassets in Resources */ = {isa = PBXBuildFile; fileRef = EF1FD08923B1E93A006626A7 /* Assets.xcassets */; };
		EF1FD08D23B1E93A006626A7 /* LaunchScreen.storyboard in Resources */ = {isa = PBXBuildFile; fileRef = EF1FD08B23B1E93A006626A7 /* LaunchScreen.storyboard */; };
/* End PBXBuildFile section */

/* Begin PBXFileReference section */
		EF11889F23B340BB00C580FC /* ScoresTableViewController.swift */ = {isa = PBXFileReference; lastKnownFileType = sourcecode.swift; path = ScoresTableViewController.swift; sourceTree = "<group>"; };
		EF1FD07D23B1E935006626A7 /* BetterClicker.app */ = {isa = PBXFileReference; explicitFileType = wrapper.application; includeInIndex = 0; path = BetterClicker.app; sourceTree = BUILT_PRODUCTS_DIR; };
		EF1FD08023B1E935006626A7 /* AppDelegate.swift */ = {isa = PBXFileReference; lastKnownFileType = sourcecode.swift; path = AppDelegate.swift; sourceTree = "<group>"; };
		EF1FD08223B1E935006626A7 /* SceneDelegate.swift */ = {isa = PBXFileReference; lastKnownFileType = sourcecode.swift; path = SceneDelegate.swift; sourceTree = "<group>"; };
		EF1FD08423B1E935006626A7 /* ViewController.swift */ = {isa = PBXFileReference; lastKnownFileType = sourcecode.swift; path = ViewController.swift; sourceTree = "<group>"; };
		EF1FD08723B1E935006626A7 /* Base */ = {isa = PBXFileReference; lastKnownFileType = file.storyboard; name = Base; path = Base.lproj/Main.storyboard; sourceTree = "<group>"; };
		EF1FD08923B1E93A006626A7 /* Assets.xcassets */ = {isa = PBXFileReference; lastKnownFileType = folder.assetcatalog; path = Assets.xcassets; sourceTree = "<group>"; };
		EF1FD08C23B1E93A006626A7 /* Base */ = {isa = PBXFileReference; lastKnownFileType = file.storyboard; name = Base; path = Base.lproj/LaunchScreen.storyboard; sourceTree = "<group>"; };
		EF1FD08E23B1E93A006626A7 /* Info.plist */ = {isa = PBXFileReference; lastKnownFileType = text.plist.xml; path = Info.plist; sourceTree = "<group>"; };
/* End PBXFileReference section */

/* Begin PBXFrameworksBuildPhase section */
		EF1FD07A23B1E935006626A7 /* Frameworks */ = {
			isa = PBXFrameworksBuildPhase;
			buildActionMask = 2147483647;
			files = (
			);
			runOnlyForDeploymentPostprocessing = 0;
		};
/* End PBXFrameworksBuildPhase section */

/* Begin PBXGroup section */
		EF1FD07423B1E935006626A7 = {
			isa = PBXGroup;
			children = (
				EF11889F23B340BB00C580FC /* ScoresTableViewController.swift */,
				EF1FD07F23B1E935006626A7 /* BetterClicker */,
				EF1FD07E23B1E935006626A7 /* Products */,
			);
			sourceTree = "<group>";
		};
		EF1FD07E23B1E935006626A7 /* Products */ = {
			isa = PBXGroup;
			children = (
				EF1FD07D23B1E935006626A7 /* BetterClicker.app */,
			);
			name = Products;
			sourceTree = "<group>";
		};
		EF1FD07F23B1E935006626A7 /* BetterClicker */ = {
			isa = PBXGroup;
			children = (
				EF1FD08023B1E935006626A7 /* AppDelegate.swift */,
				EF1FD08223B1E935006626A7 /* SceneDelegate.swift */,
				EF1FD08423B1E935006626A7 /* ViewController.swift */,
				EF1FD08623B1E935006626A7 /* Main.storyboard */,
				EF1FD08923B1E93A006626A7 /* Assets.xcassets */,
				EF1FD08B23B1E93A006626A7 /* LaunchScreen.storyboard */,
				EF1FD08E23B1E93A006626A7 /* Info.plist */,
			);
			path = BetterClicker;
			sourceTree = "<group>";
		};
/* End PBXGroup section */

/* Begin PBXNativeTarget section */
		EF1FD07C23B1E935006626A7 /* BetterClicker */ = {
			isa = PBXNativeTarget;
			buildConfigurationList = EF1FD09123B1E93A006626A7 /* Build configuration list for PBXNativeTarget "BetterClicker" */;
			buildPhases = (
				EF1FD07923B1E935006626A7 /* Sources */,
				EF1FD07A23B1E935006626A7 /* Frameworks */,
				EF1FD07B23B1E935006626A7 /* Resources */,
			);
			buildRules = (
			);
			dependencies = (
			);
			name = BetterClicker;
			productName = BetterClicker;
			productReference = EF1FD07D23B1E935006626A7 /* BetterClicker.app */;
			productType = "com.apple.product-type.application";
		};
/* End PBXNativeTarget section */

/* Begin PBXProject section */
		EF1FD07523B1E935006626A7 /* Project object */ = {
			isa = PBXProject;
			attributes = {
				LastSwiftUpdateCheck = 1120;
				LastUpgradeCheck = 1120;
				ORGANIZATIONNAME = "Jim Wong";
				TargetAttributes = {
					EF1FD07C23B1E935006626A7 = {
						CreatedOnToolsVersion = 11.2;
					};
				};
			};
			buildConfigurationList = EF1FD07823B1E935006626A7 /* Build configuration list for PBXProject "BetterClicker" */;
			compatibilityVersion = "Xcode 9.3";
			developmentRegion = en;
			hasScannedForEncodings = 0;
			knownRegions = (
				en,
				Base,
			);
			mainGroup = EF1FD07423B1E935006626A7;
			productRefGroup = EF1FD07E23B1E935006626A7 /* Products */;
			projectDirPath = "";
			projectRoot = "";
			targets = (
				EF1FD07C23B1E935006626A7 /* BetterClicker */,
			);
		};
/* End PBXProject section */

/* Begin PBXResourcesBuildPhase section */
		EF1FD07B23B1E935006626A7 /* Resources */ = {
			isa = PBXResourcesBuildPhase;
			buildActionMask = 2147483647;
			files = (
				EF1FD08D23B1E93A006626A7 /* LaunchScreen.storyboard in Resources */,
				EF1FD08A23B1E93A006626A7 /* Assets.xcassets in Resources */,
				EF1FD08823B1E935006626A7 /* Main.storyboard in Resources */,
			);
			runOnlyForDeploymentPostprocessing = 0;
		};
/* End PBXResourcesBuildPhase section */

/* Begin PBXSourcesBuildPhase section */
		EF1FD07923B1E935006626A7 /* Sources */ = {
			isa = PBXSourcesBuildPhase;
			buildActionMask = 2147483647;
			files = (
				EF1188A023B340BB00C580FC /* ScoresTableViewController.swift in Sources */,
				EF1FD08523B1E935006626A7 /* ViewController.swift in Sources */,
				EF1FD08123B1E935006626A7 /* AppDelegate.swift in Sources */,
				EF1FD08323B1E935006626A7 /* SceneDelegate.swift in Sources */,
			);
			runOnlyForDeploymentPostprocessing = 0;
		};
/* End PBXSourcesBuildPhase section */

/* Begin PBXVariantGroup section */
		EF1FD08623B1E935006626A7 /* Main.storyboard */ = {
			isa = PBXVariantGroup;
			children = (
				EF1FD08723B1E935006626A7 /* Base */,
			);
			name = Main.storyboard;
			sourceTree = "<group>";
		};
		EF1FD08B23B1E93A006626A7 /* LaunchScreen.storyboard */ = {
			isa = PBXVariantGroup;
			children = (
				EF1FD08C23B1E93A006626A7 /* Base */,
			);
			name = LaunchScreen.storyboard;
			sourceTree = "<group>";
		};
/* End PBXVariantGroup section */

/* Begin XCBuildConfiguration section */
		EF1FD08F23B1E93A006626A7 /* Debug */ = {
			isa = XCBuildConfiguration;
			buildSettings = {
				ALWAYS_SEARCH_USER_PATHS = NO;
				CLANG_ANALYZER_NONNULL = YES;
				CLANG_ANALYZER_NUMBER_OBJECT_CONVERSION = YES_AGGRESSIVE;
				CLANG_CXX_LANGUAGE_STANDARD = "gnu++14";
				CLANG_CXX_LIBRARY = "libc++";
				CLANG_ENABLE_MODULES = YES;
				CLANG_ENABLE_OBJC_ARC = YES;
				CLANG_ENABLE_OBJC_WEAK = YES;
				CLANG_WARN_BLOCK_CAPTURE_AUTORELEASING = YES;
				CLANG_WARN_BOOL_CONVERSION = YES;
				CLANG_WARN_COMMA = YES;
				CLANG_WARN_CONSTANT_CONVERSION = YES;
				CLANG_WARN_DEPRECATED_OBJC_IMPLEMENTATIONS = YES;
				CLANG_WARN_DIRECT_OBJC_ISA_USAGE = YES_ERROR;
				CLANG_WARN_DOCUMENTATION_COMMENTS = YES;
				CLANG_WARN_EMPTY_BODY = YES;
				CLANG_WARN_ENUM_CONVERSION = YES;
				CLANG_WARN_INFINITE_RECURSION = YES;
				CLANG_WARN_INT_CONVERSION = YES;
				CLANG_WARN_NON_LITERAL_NULL_CONVERSION = YES;
				CLANG_WARN_OBJC_IMPLICIT_RETAIN_SELF = YES;
				CLANG_WARN_OBJC_LITERAL_CONVERSION = YES;
				CLANG_WARN_OBJC_ROOT_CLASS = YES_ERROR;
				CLANG_WARN_RANGE_LOOP_ANALYSIS = YES;
				CLANG_WARN_STRICT_PROTOTYPES = YES;
				CLANG_WARN_SUSPICIOUS_MOVE = YES;
				CLANG_WARN_UNGUARDED_AVAILABILITY = YES_AGGRESSIVE;
				CLANG_WARN_UNREACHABLE_CODE = YES;
				CLANG_WARN__DUPLICATE_METHOD_MATCH = YES;
				COPY_PHASE_STRIP = NO;
				DEBUG_INFORMATION_FORMAT = dwarf;
				ENABLE_STRICT_OBJC_MSGSEND = YES;
				ENABLE_TESTABILITY = YES;
				GCC_C_LANGUAGE_STANDARD = gnu11;
				GCC_DYNAMIC_NO_PIC = NO;
				GCC_NO_COMMON_BLOCKS = YES;
				GCC_OPTIMIZATION_LEVEL = 0;
				GCC_PREPROCESSOR_DEFINITIONS = (
					"DEBUG=1",
					"$(inherited)",
				);
				GCC_WARN_64_TO_32_BIT_CONVERSION = YES;
				GCC_WARN_ABOUT_RETURN_TYPE = YES_ERROR;
				GCC_WARN_UNDECLARED_SELECTOR = YES;
				GCC_WARN_UNINITIALIZED_AUTOS = YES_AGGRESSIVE;
				GCC_WARN_UNUSED_FUNCTION = YES;
				GCC_WARN_UNUSED_VARIABLE = YES;
				IPHONEOS_DEPLOYMENT_TARGET = 13.2;
				MTL_ENABLE_DEBUG_INFO = INCLUDE_SOURCE;
				MTL_FAST_MATH = YES;
				ONLY_ACTIVE_ARCH = YES;
				SDKROOT = iphoneos;
				SWIFT_ACTIVE_COMPILATION_CONDITIONS = DEBUG;
				SWIFT_OPTIMIZATION_LEVEL = "-Onone";
			};
			name = Debug;
		};
		EF1FD09023B1E93A006626A7 /* Release */ = {
			isa = XCBuildConfiguration;
			buildSettings = {
				ALWAYS_SEARCH_USER_PATHS = NO;
				CLANG_ANALYZER_NONNULL = YES;
				CLANG_ANALYZER_NUMBER_OBJECT_CONVERSION = YES_AGGRESSIVE;
				CLANG_CXX_LANGUAGE_STANDARD = "gnu++14";
				CLANG_CXX_LIBRARY = "libc++";
				CLANG_ENABLE_MODULES = YES;
				CLANG_ENABLE_OBJC_ARC = YES;
				CLANG_ENABLE_OBJC_WEAK = YES;
				CLANG_WARN_BLOCK_CAPTURE_AUTORELEASING = YES;
				CLANG_WARN_BOOL_CONVERSION = YES;
				CLANG_WARN_COMMA = YES;
				CLANG_WARN_CONSTANT_CONVERSION = YES;
				CLANG_WARN_DEPRECATED_OBJC_IMPLEMENTATIONS = YES;
				CLANG_WARN_DIRECT_OBJC_ISA_USAGE = YES_ERROR;
				CLANG_WARN_DOCUMENTATION_COMMENTS = YES;
				CLANG_WARN_EMPTY_BODY = YES;
				CLANG_WARN_ENUM_CONVERSION = YES;
				CLANG_WARN_INFINITE_RECURSION = YES;
				CLANG_WARN_INT_CONVERSION = YES;
				CLANG_WARN_NON_LITERAL_NULL_CONVERSION = YES;
				CLANG_WARN_OBJC_IMPLICIT_RETAIN_SELF = YES;
				CLANG_WARN_OBJC_LITERAL_CONVERSION = YES;
				CLANG_WARN_OBJC_ROOT_CLASS = YES_ERROR;
				CLANG_WARN_RANGE_LOOP_ANALYSIS = YES;
				CLANG_WARN_STRICT_PROTOTYPES = YES;
				CLANG_WARN_SUSPICIOUS_MOVE = YES;
				CLANG_WARN_UNGUARDED_AVAILABILITY = YES_AGGRESSIVE;
				CLANG_WARN_UNREACHABLE_CODE = YES;
				CLANG_WARN__DUPLICATE_METHOD_MATCH = YES;
				COPY_PHASE_STRIP = NO;
				DEBUG_INFORMATION_FORMAT = "dwarf-with-dsym";
				ENABLE_NS_ASSERTIONS = NO;
				ENABLE_STRICT_OBJC_MSGSEND = YES;
				GCC_C_LANGUAGE_STANDARD = gnu11;
				GCC_NO_COMMON_BLOCKS = YES;
				GCC_WARN_64_TO_32_BIT_CONVERSION = YES;
				GCC_WARN_ABOUT_RETURN_TYPE = YES_ERROR;
				GCC_WARN_UNDECLARED_SELECTOR = YES;
				GCC_WARN_UNINITIALIZED_AUTOS = YES_AGGRESSIVE;
				GCC_WARN_UNUSED_FUNCTION = YES;
				GCC_WARN_UNUSED_VARIABLE = YES;
				IPHONEOS_DEPLOYMENT_TARGET = 13.2;
				MTL_ENABLE_DEBUG_INFO = NO;
				MTL_FAST_MATH = YES;
				SDKROOT = iphoneos;
				SWIFT_COMPILATION_MODE = wholemodule;
				SWIFT_OPTIMIZATION_LEVEL = "-O";
				VALIDATE_PRODUCT = YES;
			};
			name = Release;
		};
		EF1FD09223B1E93A006626A7 /* Debug */ = {
			isa = XCBuildConfiguration;
			buildSettings = {
				ASSETCATALOG_COMPILER_APPICON_NAME = AppIcon;
				CODE_SIGN_STYLE = Automatic;
				DEVELOPMENT_TEAM = 6NJXRQ63XV;
				INFOPLIST_FILE = BetterClicker/Info.plist;
				LD_RUNPATH_SEARCH_PATHS = (
					"$(inherited)",
					"@executable_path/Frameworks",
				);
				PRODUCT_BUNDLE_IDENTIFIER = com.jim.BetterClicker;
				PRODUCT_NAME = "$(TARGET_NAME)";
				SWIFT_VERSION = 5.0;
				TARGETED_DEVICE_FAMILY = "1,2";
			};
			name = Debug;
		};
		EF1FD09323B1E93A006626A7 /* Release */ = {
			isa = XCBuildConfiguration;
			buildSettings = {
				ASSETCATALOG_COMPILER_APPICON_NAME = AppIcon;
				CODE_SIGN_STYLE = Automatic;
				DEVELOPMENT_TEAM = 6NJXRQ63XV;
				INFOPLIST_FILE = BetterClicker/Info.plist;
				LD_RUNPATH_SEARCH_PATHS = (
					"$(inherited)",
					"@executable_path/Frameworks",
				);
				PRODUCT_BUNDLE_IDENTIFIER = com.jim.BetterClicker;
				PRODUCT_NAME = "$(TARGET_NAME)";
				SWIFT_VERSION = 5.0;
				TARGETED_DEVICE_FAMILY = "1,2";
			};
			name = Release;
		};
/* End XCBuildConfiguration section */

/* Begin XCConfigurationList section */
		EF1FD07823B1E935006626A7 /* Build configuration list for PBXProject "BetterClicker" */ = {
			isa = XCConfigurationList;
			buildConfigurations = (
				EF1FD08F23B1E93A006626A7 /* Debug */,
				EF1FD09023B1E93A006626A7 /* Release */,
			);
			defaultConfigurationIsVisible = 0;
			defaultConfigurationName = Release;
		};
		EF1FD09123B1E93A006626A7 /* Build configuration list for PBXNativeTarget "BetterClicker" */ = {
			isa = XCConfigurationList;
			buildConfigurations = (
				EF1FD09223B1E93A006626A7 /* Debug */,
				EF1FD09323B1E93A006626A7 /* Release */,
			);
			defaultConfigurationIsVisible = 0;
			defaultConfigurationName = Release;
		};
/* End XCConfigurationList section */
	};
	rootObject = EF1FD07523B1E935006626A7 /* Project object */;
}
